
Microsoft Visual Studio Solution File, Format Version 12.00
# Visual Studio Version 17
VisualStudioVersion = 17.12.35521.163
MinimumVisualStudioVersion = 10.0.40219.1
Project("{2150E333-8FDC-42A3-9474-1A3956D46DE8}") = "Task0", "Task0", "{37185157-089B-4B2E-84EE-8399022BE23F}"
EndProject
Project("{FAE04EC0-301F-11D3-BF4B-00C04F79EFBC}") = "ConsoleApp1", "ConsoleApp1\ConsoleApp1.csproj", "{E89574C0-47E6-47F0-B94D-0BC84EF9E7B2}"
EndProject
Project("{2150E333-8FDC-42A3-9474-1A3956D46DE8}") = "Task1", "Task1", "{B43A0D4D-DDBD-4CB8-ABAE-7523E3EA85F9}"
EndProject
Project("{2150E333-8FDC-42A3-9474-1A3956D46DE8}") = "Task2", "Task2", "{D75FEAA2-B2BE-45C8-8029-6701E73F9836}"
EndProject
Project("{2150E333-8FDC-42A3-9474-1A3956D46DE8}") = "Task3", "Task3", "{C0C10686-C88D-44F8-80AE-45F95CAE4C58}"
EndProject
Project("{2150E333-8FDC-42A3-9474-1A3956D46DE8}") = "Task4", "Task4", "{58621119-E51C-4E90-B776-63991ED8C4FF}"
EndProject
Project("{2150E333-8FDC-42A3-9474-1A3956D46DE8}") = "Task5", "Task5", "{2C78BACC-969E-490B-96DB-333394C5ED78}"
EndProject
Project("{2150E333-8FDC-42A3-9474-1A3956D46DE8}") = "Task6", "Task6", "{6B0CEBCE-86E9-4DC1-AA11-3EF8478B0975}"
EndProject
Project("{2150E333-8FDC-42A3-9474-1A3956D46DE8}") = "Task7", "Task7", "{94468713-D0BE-465C-ABEA-91853B6783A6}"
EndProject
Project("{FAE04EC0-301F-11D3-BF4B-00C04F79EFBC}") = "Tyuiu.SizikovSS.Sprint6.Task0.V22.Lib", "Tyuiu.SizikovSS.Sprint6.Task0.V22.Lib\Tyuiu.SizikovSS.Sprint6.Task0.V22.Lib.csproj", "{F77A0A44-8752-46AD-8F4F-72476BB544A9}"
EndProject
Project("{FAE04EC0-301F-11D3-BF4B-00C04F79EFBC}") = "Tyuiu.SizikovSS.Sprint6.Task0.V22.Test", "Tyuiu.SizikovSS.Sprint6.Task0.V22.Test\Tyuiu.SizikovSS.Sprint6.Task0.V22.Test.csproj", "{3171EDE6-9608-4EDE-BEC3-B64F33037948}"
EndProject
Project("{FAE04EC0-301F-11D3-BF4B-00C04F79EFBC}") = "Tyuiu.SizikovSS.Sprint6.Task0.V22", "Tyuiu.SizikovSS.Sprint6.Task0.V22\Tyuiu.SizikovSS.Sprint6.Task0.V22.csproj", "{34DE75D6-2B03-44C3-AE17-C707B69D3C4A}"
EndProject
Project("{FAE04EC0-301F-11D3-BF4B-00C04F79EFBC}") = "WinFormsApp1", "WinFormsApp1\WinFormsApp1.csproj", "{94625413-6AE6-4920-BEEB-B7C969535C2E}"
EndProject
Project("{FAE04EC0-301F-11D3-BF4B-00C04F79EFBC}") = "Tyuiu.SizikovSS.Sprint6.Task1.V24", "Tyuiu.SizikovSS.Sprint6.Task1.V24\Tyuiu.SizikovSS.Sprint6.Task1.V24.csproj", "{1AE6E401-DF43-497F-A698-803661A196A8}"
EndProject
Project("{FAE04EC0-301F-11D3-BF4B-00C04F79EFBC}") = "Tyuiu.SizikovSS.Sprint6.Task1.V24.Lib", "Tyuiu.SizikovSS.Sprint6.Task1.V24.Lib\Tyuiu.SizikovSS.Sprint6.Task1.V24.Lib.csproj", "{E383B577-16BA-4C4D-AE35-3C600091A1F5}"
EndProject
Project("{FAE04EC0-301F-11D3-BF4B-00C04F79EFBC}") = "Tyuiu.SizikovSS.Sprint6.Task1.V24.Test", "Tyuiu.SizikovSS.Sprint6.Task1.V24.Test\Tyuiu.SizikovSS.Sprint6.Task1.V24.Test.csproj", "{9AF6D7DD-EE04-4AD8-8B54-DC6249DA34D7}"
EndProject
Project("{FAE04EC0-301F-11D3-BF4B-00C04F79EFBC}") = "Tyuiu.SizikovSS.Sprint6.Task2.V4", "Tyuiu.SizikovSS.Sprint6.Task2.V4\Tyuiu.SizikovSS.Sprint6.Task2.V4.csproj", "{23B4DD80-CD25-470C-9476-AE240EC59C21}"
EndProject
Project("{FAE04EC0-301F-11D3-BF4B-00C04F79EFBC}") = "Tyuiu.SizikovSS.Sprint6.Task2.V4.Lib", "Tyuiu.SizikovSS.Sprint6.Task2.V4.Lib\Tyuiu.SizikovSS.Sprint6.Task2.V4.Lib.csproj", "{B33CECD1-1A79-491F-A821-CB3A9DA2D4EF}"
EndProject
Project("{FAE04EC0-301F-11D3-BF4B-00C04F79EFBC}") = "Tyuiu.SizikovSS.Sprint6.Task2.V4.Test", "Tyuiu.SizikovSS.Sprint6.Task2.V4.Test\Tyuiu.SizikovSS.Sprint6.Task2.V4.Test.csproj", "{BF806CEB-2D52-4F67-97F1-C89A22567140}"
EndProject
Project("{FAE04EC0-301F-11D3-BF4B-00C04F79EFBC}") = "Tyuiu.SizikovSS.Sprint6.Task3.V6", "Tyuiu.SizikovSS.Sprint6.Task3.V6\Tyuiu.SizikovSS.Sprint6.Task3.V6.csproj", "{61E06A46-C106-4F64-A2F3-E1817C23A6ED}"
EndProject
Project("{FAE04EC0-301F-11D3-BF4B-00C04F79EFBC}") = "Tyuiu.SizikovSS.Sprint6.Task3.V6.Lib", "Tyuiu.SizikovSS.Sprint6.Task3.V6.Lib\Tyuiu.SizikovSS.Sprint6.Task3.V6.Lib.csproj", "{4EA1E5A7-BB32-4BD5-B7D6-3FCDE3014FA5}"
EndProject
Project("{FAE04EC0-301F-11D3-BF4B-00C04F79EFBC}") = "Tyuiu.SizikovSS.Sprint6.Task3.V6.Test", "Tyuiu.SizikovSS.Sprint6.Task3.V6.Test\Tyuiu.SizikovSS.Sprint6.Task3.V6.Test.csproj", "{0A4CB67A-C056-421B-BF16-765C1D430E8B}"
EndProject
Project("{FAE04EC0-301F-11D3-BF4B-00C04F79EFBC}") = "Tyuiu.SizikovSS.Sprint6.Task4.V14.Lib", "Tyuiu.SizikovSS.Sprint6.Task4.V14.Lib\Tyuiu.SizikovSS.Sprint6.Task4.V14.Lib.csproj", "{15D3701A-DA8A-4F5C-93F5-9D6F27F8003E}"
EndProject
Project("{FAE04EC0-301F-11D3-BF4B-00C04F79EFBC}") = "Tyuiu.SizikovSS.Sprint6.Task4.V14.Test", "Tyuiu.SizikovSS.Sprint6.Task4.V14.Test\Tyuiu.SizikovSS.Sprint6.Task4.V14.Test.csproj", "{F1F49100-3430-41E3-9151-CA37FBCD1648}"
EndProject
Project("{FAE04EC0-301F-11D3-BF4B-00C04F79EFBC}") = "Tyuiu.SizikovSS.Sprint6.Task4.V14", "Tyuiu.SizikovSS.Sprint6.Task4.V14\Tyuiu.SizikovSS.Sprint6.Task4.V14.csproj", "{80C7DA3C-36B2-4877-A51C-A12C65A1E3F5}"
EndProject
Project("{FAE04EC0-301F-11D3-BF4B-00C04F79EFBC}") = "Tyuiu.SizikovSS.Sprint6.Task5.V8", "Tyuiu.SizikovSS.Sprint6.Task5.V8\Tyuiu.SizikovSS.Sprint6.Task5.V8.csproj", "{DF6B1D8D-6A0E-42B7-944B-1AB3AF6D386B}"
EndProject
Project("{FAE04EC0-301F-11D3-BF4B-00C04F79EFBC}") = "Tyuiu.SizikovSS.Sprint6.Task5.V8.Lib", "Tyuiu.SizikovSS.Sprint6.Task5.V8.Lib\Tyuiu.SizikovSS.Sprint6.Task5.V8.Lib.csproj", "{34539E31-D4A9-4967-ABBE-D297841B70B6}"
EndProject
Project("{FAE04EC0-301F-11D3-BF4B-00C04F79EFBC}") = "Tyuiu.SizikovSS.Sprint6.Task5.V8.Test", "Tyuiu.SizikovSS.Sprint6.Task5.V8.Test\Tyuiu.SizikovSS.Sprint6.Task5.V8.Test.csproj", "{F67C9193-7100-4FD5-B4DD-712075D4776A}"
EndProject
Project("{FAE04EC0-301F-11D3-BF4B-00C04F79EFBC}") = "Tyuiu.SizikovSS.Sprint6.Task6.V26", "Tyuiu.SizikovSS.Sprint6.Task6.V26\Tyuiu.SizikovSS.Sprint6.Task6.V26.csproj", "{A5E1B310-9413-4AF3-9691-41A65474A0A5}"
EndProject
Project("{FAE04EC0-301F-11D3-BF4B-00C04F79EFBC}") = "Tyuiu.SizikovSS.Sprint6.Task6.V26.Lib", "Tyuiu.SizikovSS.Sprint6.Task6.V26.Lib\Tyuiu.SizikovSS.Sprint6.Task6.V26.Lib.csproj", "{FDD2498F-3393-4AED-873C-C16230DCAE5D}"
EndProject
Project("{FAE04EC0-301F-11D3-BF4B-00C04F79EFBC}") = "Tyuiu.SizikovSS.Sprint6.Task6.V26.Test", "Tyuiu.SizikovSS.Sprint6.Task6.V26.Test\Tyuiu.SizikovSS.Sprint6.Task6.V26.Test.csproj", "{80F2BC13-F8B4-4347-BF33-AD7193AD7C09}"
EndProject
Project("{FAE04EC0-301F-11D3-BF4B-00C04F79EFBC}") = "Tyuiu.SizikovSS.Sprint6.Task7.V30", "Tyuiu.SizikovSS.Sprint6.Task7.V30\Tyuiu.SizikovSS.Sprint6.Task7.V30.csproj", "{A00CCFCA-97FE-41D1-A768-EA17302E955B}"
EndProject
Project("{FAE04EC0-301F-11D3-BF4B-00C04F79EFBC}") = "Tyuiu.SizikovSS.Sprint6.Task7.V30.Lib", "Tyuiu.SizikovSS.Sprint6.Task7.V30.Lib\Tyuiu.SizikovSS.Sprint6.Task7.V30.Lib.csproj", "{05E5F087-AB6E-46C3-95C3-EB1144B9BEB9}"
EndProject
Project("{FAE04EC0-301F-11D3-BF4B-00C04F79EFBC}") = "Tyuiu.SizikovSS.Sprint6.Task7.V30.Test", "Tyuiu.SizikovSS.Sprint6.Task7.V30.Test\Tyuiu.SizikovSS.Sprint6.Task7.V30.Test.csproj", "{4FCF738F-CF40-4E6B-B8C0-3D3C0EF870A9}"
EndProject
Global
	GlobalSection(SolutionConfigurationPlatforms) = preSolution
		Debug|Any CPU = Debug|Any CPU
		Release|Any CPU = Release|Any CPU
	EndGlobalSection
	GlobalSection(ProjectConfigurationPlatforms) = postSolution
		{E89574C0-47E6-47F0-B94D-0BC84EF9E7B2}.Debug|Any CPU.ActiveCfg = Debug|Any CPU
		{E89574C0-47E6-47F0-B94D-0BC84EF9E7B2}.Debug|Any CPU.Build.0 = Debug|Any CPU
		{E89574C0-47E6-47F0-B94D-0BC84EF9E7B2}.Release|Any CPU.ActiveCfg = Release|Any CPU
		{E89574C0-47E6-47F0-B94D-0BC84EF9E7B2}.Release|Any CPU.Build.0 = Release|Any CPU
		{F77A0A44-8752-46AD-8F4F-72476BB544A9}.Debug|Any CPU.ActiveCfg = Debug|Any CPU
		{F77A0A44-8752-46AD-8F4F-72476BB544A9}.Debug|Any CPU.Build.0 = Debug|Any CPU
		{F77A0A44-8752-46AD-8F4F-72476BB544A9}.Release|Any CPU.ActiveCfg = Release|Any CPU
		{F77A0A44-8752-46AD-8F4F-72476BB544A9}.Release|Any CPU.Build.0 = Release|Any CPU
		{3171EDE6-9608-4EDE-BEC3-B64F33037948}.Debug|Any CPU.ActiveCfg = Debug|Any CPU
		{3171EDE6-9608-4EDE-BEC3-B64F33037948}.Debug|Any CPU.Build.0 = Debug|Any CPU
		{3171EDE6-9608-4EDE-BEC3-B64F33037948}.Release|Any CPU.ActiveCfg = Release|Any CPU
		{3171EDE6-9608-4EDE-BEC3-B64F33037948}.Release|Any CPU.Build.0 = Release|Any CPU
		{34DE75D6-2B03-44C3-AE17-C707B69D3C4A}.Debug|Any CPU.ActiveCfg = Debug|Any CPU
		{34DE75D6-2B03-44C3-AE17-C707B69D3C4A}.Debug|Any CPU.Build.0 = Debug|Any CPU
		{34DE75D6-2B03-44C3-AE17-C707B69D3C4A}.Release|Any CPU.ActiveCfg = Release|Any CPU
		{34DE75D6-2B03-44C3-AE17-C707B69D3C4A}.Release|Any CPU.Build.0 = Release|Any CPU
		{94625413-6AE6-4920-BEEB-B7C969535C2E}.Debug|Any CPU.ActiveCfg = Debug|Any CPU
		{94625413-6AE6-4920-BEEB-B7C969535C2E}.Debug|Any CPU.Build.0 = Debug|Any CPU
		{94625413-6AE6-4920-BEEB-B7C969535C2E}.Release|Any CPU.ActiveCfg = Release|Any CPU
		{94625413-6AE6-4920-BEEB-B7C969535C2E}.Release|Any CPU.Build.0 = Release|Any CPU
		{1AE6E401-DF43-497F-A698-803661A196A8}.Debug|Any CPU.ActiveCfg = Debug|Any CPU
		{1AE6E401-DF43-497F-A698-803661A196A8}.Debug|Any CPU.Build.0 = Debug|Any CPU
		{1AE6E401-DF43-497F-A698-803661A196A8}.Release|Any CPU.ActiveCfg = Release|Any CPU
		{1AE6E401-DF43-497F-A698-803661A196A8}.Release|Any CPU.Build.0 = Release|Any CPU
		{E383B577-16BA-4C4D-AE35-3C600091A1F5}.Debug|Any CPU.ActiveCfg = Debug|Any CPU
		{E383B577-16BA-4C4D-AE35-3C600091A1F5}.Debug|Any CPU.Build.0 = Debug|Any CPU
		{E383B577-16BA-4C4D-AE35-3C600091A1F5}.Release|Any CPU.ActiveCfg = Release|Any CPU
		{E383B577-16BA-4C4D-AE35-3C600091A1F5}.Release|Any CPU.Build.0 = Release|Any CPU
		{9AF6D7DD-EE04-4AD8-8B54-DC6249DA34D7}.Debug|Any CPU.ActiveCfg = Debug|Any CPU
		{9AF6D7DD-EE04-4AD8-8B54-DC6249DA34D7}.Debug|Any CPU.Build.0 = Debug|Any CPU
		{9AF6D7DD-EE04-4AD8-8B54-DC6249DA34D7}.Release|Any CPU.ActiveCfg = Release|Any CPU
		{9AF6D7DD-EE04-4AD8-8B54-DC6249DA34D7}.Release|Any CPU.Build.0 = Release|Any CPU
		{23B4DD80-CD25-470C-9476-AE240EC59C21}.Debug|Any CPU.ActiveCfg = Debug|Any CPU
		{23B4DD80-CD25-470C-9476-AE240EC59C21}.Debug|Any CPU.Build.0 = Debug|Any CPU
		{23B4DD80-CD25-470C-9476-AE240EC59C21}.Release|Any CPU.ActiveCfg = Release|Any CPU
		{23B4DD80-CD25-470C-9476-AE240EC59C21}.Release|Any CPU.Build.0 = Release|Any CPU
		{B33CECD1-1A79-491F-A821-CB3A9DA2D4EF}.Debug|Any CPU.ActiveCfg = Debug|Any CPU
		{B33CECD1-1A79-491F-A821-CB3A9DA2D4EF}.Debug|Any CPU.Build.0 = Debug|Any CPU
		{B33CECD1-1A79-491F-A821-CB3A9DA2D4EF}.Release|Any CPU.ActiveCfg = Release|Any CPU
		{B33CECD1-1A79-491F-A821-CB3A9DA2D4EF}.Release|Any CPU.Build.0 = Release|Any CPU
		{BF806CEB-2D52-4F67-97F1-C89A22567140}.Debug|Any CPU.ActiveCfg = Debug|Any CPU
		{BF806CEB-2D52-4F67-97F1-C89A22567140}.Debug|Any CPU.Build.0 = Debug|Any CPU
		{BF806CEB-2D52-4F67-97F1-C89A22567140}.Release|Any CPU.ActiveCfg = Release|Any CPU
		{BF806CEB-2D52-4F67-97F1-C89A22567140}.Release|Any CPU.Build.0 = Release|Any CPU
		{61E06A46-C106-4F64-A2F3-E1817C23A6ED}.Debug|Any CPU.ActiveCfg = Debug|Any CPU
		{61E06A46-C106-4F64-A2F3-E1817C23A6ED}.Debug|Any CPU.Build.0 = Debug|Any CPU
		{61E06A46-C106-4F64-A2F3-E1817C23A6ED}.Release|Any CPU.ActiveCfg = Release|Any CPU
		{61E06A46-C106-4F64-A2F3-E1817C23A6ED}.Release|Any CPU.Build.0 = Release|Any CPU
		{4EA1E5A7-BB32-4BD5-B7D6-3FCDE3014FA5}.Debug|Any CPU.ActiveCfg = Debug|Any CPU
		{4EA1E5A7-BB32-4BD5-B7D6-3FCDE3014FA5}.Debug|Any CPU.Build.0 = Debug|Any CPU
		{4EA1E5A7-BB32-4BD5-B7D6-3FCDE3014FA5}.Release|Any CPU.ActiveCfg = Release|Any CPU
		{4EA1E5A7-BB32-4BD5-B7D6-3FCDE3014FA5}.Release|Any CPU.Build.0 = Release|Any CPU
		{0A4CB67A-C056-421B-BF16-765C1D430E8B}.Debug|Any CPU.ActiveCfg = Debug|Any CPU
		{0A4CB67A-C056-421B-BF16-765C1D430E8B}.Debug|Any CPU.Build.0 = Debug|Any CPU
		{0A4CB67A-C056-421B-BF16-765C1D430E8B}.Release|Any CPU.ActiveCfg = Release|Any CPU
		{0A4CB67A-C056-421B-BF16-765C1D430E8B}.Release|Any CPU.Build.0 = Release|Any CPU
		{15D3701A-DA8A-4F5C-93F5-9D6F27F8003E}.Debug|Any CPU.ActiveCfg = Debug|Any CPU
		{15D3701A-DA8A-4F5C-93F5-9D6F27F8003E}.Debug|Any CPU.Build.0 = Debug|Any CPU
		{15D3701A-DA8A-4F5C-93F5-9D6F27F8003E}.Release|Any CPU.ActiveCfg = Release|Any CPU
		{15D3701A-DA8A-4F5C-93F5-9D6F27F8003E}.Release|Any CPU.Build.0 = Release|Any CPU
		{F1F49100-3430-41E3-9151-CA37FBCD1648}.Debug|Any CPU.ActiveCfg = Debug|Any CPU
		{F1F49100-3430-41E3-9151-CA37FBCD1648}.Debug|Any CPU.Build.0 = Debug|Any CPU
		{F1F49100-3430-41E3-9151-CA37FBCD1648}.Release|Any CPU.ActiveCfg = Release|Any CPU
		{F1F49100-3430-41E3-9151-CA37FBCD1648}.Release|Any CPU.Build.0 = Release|Any CPU
		{80C7DA3C-36B2-4877-A51C-A12C65A1E3F5}.Debug|Any CPU.ActiveCfg = Debug|Any CPU
		{80C7DA3C-36B2-4877-A51C-A12C65A1E3F5}.Debug|Any CPU.Build.0 = Debug|Any CPU
		{80C7DA3C-36B2-4877-A51C-A12C65A1E3F5}.Release|Any CPU.ActiveCfg = Release|Any CPU
		{80C7DA3C-36B2-4877-A51C-A12C65A1E3F5}.Release|Any CPU.Build.0 = Release|Any CPU
		{DF6B1D8D-6A0E-42B7-944B-1AB3AF6D386B}.Debug|Any CPU.ActiveCfg = Debug|Any CPU
		{DF6B1D8D-6A0E-42B7-944B-1AB3AF6D386B}.Debug|Any CPU.Build.0 = Debug|Any CPU
		{DF6B1D8D-6A0E-42B7-944B-1AB3AF6D386B}.Release|Any CPU.ActiveCfg = Release|Any CPU
		{DF6B1D8D-6A0E-42B7-944B-1AB3AF6D386B}.Release|Any CPU.Build.0 = Release|Any CPU
		{34539E31-D4A9-4967-ABBE-D297841B70B6}.Debug|Any CPU.ActiveCfg = Debug|Any CPU
		{34539E31-D4A9-4967-ABBE-D297841B70B6}.Debug|Any CPU.Build.0 = Debug|Any CPU
		{34539E31-D4A9-4967-ABBE-D297841B70B6}.Release|Any CPU.ActiveCfg = Release|Any CPU
		{34539E31-D4A9-4967-ABBE-D297841B70B6}.Release|Any CPU.Build.0 = Release|Any CPU
		{F67C9193-7100-4FD5-B4DD-712075D4776A}.Debug|Any CPU.ActiveCfg = Debug|Any CPU
		{F67C9193-7100-4FD5-B4DD-712075D4776A}.Debug|Any CPU.Build.0 = Debug|Any CPU
		{F67C9193-7100-4FD5-B4DD-712075D4776A}.Release|Any CPU.ActiveCfg = Release|Any CPU
		{F67C9193-7100-4FD5-B4DD-712075D4776A}.Release|Any CPU.Build.0 = Release|Any CPU
		{A5E1B310-9413-4AF3-9691-41A65474A0A5}.Debug|Any CPU.ActiveCfg = Debug|Any CPU
		{A5E1B310-9413-4AF3-9691-41A65474A0A5}.Debug|Any CPU.Build.0 = Debug|Any CPU
		{A5E1B310-9413-4AF3-9691-41A65474A0A5}.Release|Any CPU.ActiveCfg = Release|Any CPU
		{A5E1B310-9413-4AF3-9691-41A65474A0A5}.Release|Any CPU.Build.0 = Release|Any CPU
		{FDD2498F-3393-4AED-873C-C16230DCAE5D}.Debug|Any CPU.ActiveCfg = Debug|Any CPU
		{FDD2498F-3393-4AED-873C-C16230DCAE5D}.Debug|Any CPU.Build.0 = Debug|Any CPU
		{FDD2498F-3393-4AED-873C-C16230DCAE5D}.Release|Any CPU.ActiveCfg = Release|Any CPU
		{FDD2498F-3393-4AED-873C-C16230DCAE5D}.Release|Any CPU.Build.0 = Release|Any CPU
		{80F2BC13-F8B4-4347-BF33-AD7193AD7C09}.Debug|Any CPU.ActiveCfg = Debug|Any CPU
		{80F2BC13-F8B4-4347-BF33-AD7193AD7C09}.Debug|Any CPU.Build.0 = Debug|Any CPU
		{80F2BC13-F8B4-4347-BF33-AD7193AD7C09}.Release|Any CPU.ActiveCfg = Release|Any CPU
		{80F2BC13-F8B4-4347-BF33-AD7193AD7C09}.Release|Any CPU.Build.0 = Release|Any CPU
		{A00CCFCA-97FE-41D1-A768-EA17302E955B}.Debug|Any CPU.ActiveCfg = Debug|Any CPU
		{A00CCFCA-97FE-41D1-A768-EA17302E955B}.Debug|Any CPU.Build.0 = Debug|Any CPU
		{A00CCFCA-97FE-41D1-A768-EA17302E955B}.Release|Any CPU.ActiveCfg = Release|Any CPU
		{A00CCFCA-97FE-41D1-A768-EA17302E955B}.Release|Any CPU.Build.0 = Release|Any CPU
		{05E5F087-AB6E-46C3-95C3-EB1144B9BEB9}.Debug|Any CPU.ActiveCfg = Debug|Any CPU
		{05E5F087-AB6E-46C3-95C3-EB1144B9BEB9}.Debug|Any CPU.Build.0 = Debug|Any CPU
		{05E5F087-AB6E-46C3-95C3-EB1144B9BEB9}.Release|Any CPU.ActiveCfg = Release|Any CPU
		{05E5F087-AB6E-46C3-95C3-EB1144B9BEB9}.Release|Any CPU.Build.0 = Release|Any CPU
		{4FCF738F-CF40-4E6B-B8C0-3D3C0EF870A9}.Debug|Any CPU.ActiveCfg = Debug|Any CPU
		{4FCF738F-CF40-4E6B-B8C0-3D3C0EF870A9}.Debug|Any CPU.Build.0 = Debug|Any CPU
		{4FCF738F-CF40-4E6B-B8C0-3D3C0EF870A9}.Release|Any CPU.ActiveCfg = Release|Any CPU
		{4FCF738F-CF40-4E6B-B8C0-3D3C0EF870A9}.Release|Any CPU.Build.0 = Release|Any CPU
	EndGlobalSection
	GlobalSection(SolutionProperties) = preSolution
		HideSolutionNode = FALSE
	EndGlobalSection
	GlobalSection(NestedProjects) = preSolution
		{F77A0A44-8752-46AD-8F4F-72476BB544A9} = {37185157-089B-4B2E-84EE-8399022BE23F}
		{3171EDE6-9608-4EDE-BEC3-B64F33037948} = {37185157-089B-4B2E-84EE-8399022BE23F}
		{34DE75D6-2B03-44C3-AE17-C707B69D3C4A} = {37185157-089B-4B2E-84EE-8399022BE23F}
		{1AE6E401-DF43-497F-A698-803661A196A8} = {B43A0D4D-DDBD-4CB8-ABAE-7523E3EA85F9}
		{E383B577-16BA-4C4D-AE35-3C600091A1F5} = {B43A0D4D-DDBD-4CB8-ABAE-7523E3EA85F9}
		{9AF6D7DD-EE04-4AD8-8B54-DC6249DA34D7} = {B43A0D4D-DDBD-4CB8-ABAE-7523E3EA85F9}
		{23B4DD80-CD25-470C-9476-AE240EC59C21} = {D75FEAA2-B2BE-45C8-8029-6701E73F9836}
		{B33CECD1-1A79-491F-A821-CB3A9DA2D4EF} = {D75FEAA2-B2BE-45C8-8029-6701E73F9836}
		{BF806CEB-2D52-4F67-97F1-C89A22567140} = {D75FEAA2-B2BE-45C8-8029-6701E73F9836}
		{61E06A46-C106-4F64-A2F3-E1817C23A6ED} = {C0C10686-C88D-44F8-80AE-45F95CAE4C58}
		{4EA1E5A7-BB32-4BD5-B7D6-3FCDE3014FA5} = {C0C10686-C88D-44F8-80AE-45F95CAE4C58}
		{0A4CB67A-C056-421B-BF16-765C1D430E8B} = {C0C10686-C88D-44F8-80AE-45F95CAE4C58}
		{15D3701A-DA8A-4F5C-93F5-9D6F27F8003E} = {58621119-E51C-4E90-B776-63991ED8C4FF}
		{F1F49100-3430-41E3-9151-CA37FBCD1648} = {58621119-E51C-4E90-B776-63991ED8C4FF}
		{80C7DA3C-36B2-4877-A51C-A12C65A1E3F5} = {58621119-E51C-4E90-B776-63991ED8C4FF}
		{DF6B1D8D-6A0E-42B7-944B-1AB3AF6D386B} = {2C78BACC-969E-490B-96DB-333394C5ED78}
		{34539E31-D4A9-4967-ABBE-D297841B70B6} = {2C78BACC-969E-490B-96DB-333394C5ED78}
		{F67C9193-7100-4FD5-B4DD-712075D4776A} = {2C78BACC-969E-490B-96DB-333394C5ED78}
		{A5E1B310-9413-4AF3-9691-41A65474A0A5} = {6B0CEBCE-86E9-4DC1-AA11-3EF8478B0975}
		{FDD2498F-3393-4AED-873C-C16230DCAE5D} = {6B0CEBCE-86E9-4DC1-AA11-3EF8478B0975}
		{80F2BC13-F8B4-4347-BF33-AD7193AD7C09} = {6B0CEBCE-86E9-4DC1-AA11-3EF8478B0975}
		{A00CCFCA-97FE-41D1-A768-EA17302E955B} = {94468713-D0BE-465C-ABEA-91853B6783A6}
		{05E5F087-AB6E-46C3-95C3-EB1144B9BEB9} = {94468713-D0BE-465C-ABEA-91853B6783A6}
		{4FCF738F-CF40-4E6B-B8C0-3D3C0EF870A9} = {94468713-D0BE-465C-ABEA-91853B6783A6}
	EndGlobalSection
EndGlobal
